
Microsoft Visual Studio Solution File, Format Version 12.00
# Visual Studio Version 17
VisualStudioVersion = 17.0.31919.166
MinimumVisualStudioVersion = 10.0.40219.1
Project("{FAE04EC0-301F-11D3-BF4B-00C04F79EFBC}") = "Student.Managerment.API", "Student.Managerment.API\Student.Managerment.API.csproj", "{D3233CBC-01D0-415B-9AC1-00DFDE185DAA}"
EndProject
Global
	GlobalSection(SolutionConfigurationPlatforms) = preSolution
		Debug|Any CPU = Debug|Any CPU
		Release|Any CPU = Release|Any CPU
	EndGlobalSection
	GlobalSection(ProjectConfigurationPlatforms) = postSolution
		{D3233CBC-01D0-415B-9AC1-00DFDE185DAA}.Debug|Any CPU.ActiveCfg = Debug|Any CPU
		{D3233CBC-01D0-415B-9AC1-00DFDE185DAA}.Debug|Any CPU.Build.0 = Debug|Any CPU
		{D3233CBC-01D0-415B-9AC1-00DFDE185DAA}.Release|Any CPU.ActiveCfg = Release|Any CPU
		{D3233CBC-01D0-415B-9AC1-00DFDE185DAA}.Release|Any CPU.Build.0 = Release|Any CPU
	EndGlobalSection
	GlobalSection(SolutionProperties) = preSolution
		HideSolutionNode = FALSE
	EndGlobalSection
	GlobalSection(ExtensibilityGlobals) = postSolution
		SolutionGuid = {48400CAB-35E7-477D-97E5-EF1F9073CC5F}
	EndGlobalSection
EndGlobal
